// !$*UTF8*$!
{
	archiveVersion = 1;
	classes = {
	};
	objectVersion = 50;
	objects = {

/* Begin PBXBuildFile section */
		C41DBE6D240D57C40064EAC0 /* Recipe.swift in Sources */ = {isa = PBXBuildFile; fileRef = C41DBE6C240D57C40064EAC0 /* Recipe.swift */; };
		C43F527E240D1897001293C9 /* AppDelegate.swift in Sources */ = {isa = PBXBuildFile; fileRef = C43F527D240D1897001293C9 /* AppDelegate.swift */; };
		C43F5280240D1897001293C9 /* SceneDelegate.swift in Sources */ = {isa = PBXBuildFile; fileRef = C43F527F240D1897001293C9 /* SceneDelegate.swift */; };
		C43F5285240D1897001293C9 /* Main.storyboard in Resources */ = {isa = PBXBuildFile; fileRef = C43F5283240D1897001293C9 /* Main.storyboard */; };
		C43F5287240D189A001293C9 /* Assets.xcassets in Resources */ = {isa = PBXBuildFile; fileRef = C43F5286240D189A001293C9 /* Assets.xcassets */; };
		C43F528A240D189A001293C9 /* LaunchScreen.storyboard in Resources */ = {isa = PBXBuildFile; fileRef = C43F5288240D189A001293C9 /* LaunchScreen.storyboard */; };
		C43F5292240D1C2C001293C9 /* recipetypes.xml in Resources */ = {isa = PBXBuildFile; fileRef = C43F5291240D1C2C001293C9 /* recipetypes.xml */; };
		C43F5297240D23EA001293C9 /* ItemTableViewCell.swift in Sources */ = {isa = PBXBuildFile; fileRef = C43F5296240D23EA001293C9 /* ItemTableViewCell.swift */; };
		C43F5299240D2419001293C9 /* ItemTableViewCell.xib in Resources */ = {isa = PBXBuildFile; fileRef = C43F5298240D2419001293C9 /* ItemTableViewCell.xib */; };
		C43F529B240D30D8001293C9 /* DetailViewController.swift in Sources */ = {isa = PBXBuildFile; fileRef = C43F529A240D30D8001293C9 /* DetailViewController.swift */; };
		C43F529D240D36F0001293C9 /* EditViewController.swift in Sources */ = {isa = PBXBuildFile; fileRef = C43F529C240D36F0001293C9 /* EditViewController.swift */; };
		C43F529F240D3ACE001293C9 /* ListItemsViewController.swift in Sources */ = {isa = PBXBuildFile; fileRef = C43F529E240D3ACE001293C9 /* ListItemsViewController.swift */; };
		C43F52A1240D4347001293C9 /* AddItemViewController.swift in Sources */ = {isa = PBXBuildFile; fileRef = C43F52A0240D4347001293C9 /* AddItemViewController.swift */; };
		C43F52A3240D4591001293C9 /* RecipeType.swift in Sources */ = {isa = PBXBuildFile; fileRef = C43F52A2240D4591001293C9 /* RecipeType.swift */; };
/* End PBXBuildFile section */

/* Begin PBXFileReference section */
		C41DBE6C240D57C40064EAC0 /* Recipe.swift */ = {isa = PBXFileReference; lastKnownFileType = sourcecode.swift; path = Recipe.swift; sourceTree = "<group>"; };
		C43F527A240D1897001293C9 /* currie-recipe-app.app */ = {isa = PBXFileReference; explicitFileType = wrapper.application; includeInIndex = 0; path = "currie-recipe-app.app"; sourceTree = BUILT_PRODUCTS_DIR; };
		C43F527D240D1897001293C9 /* AppDelegate.swift */ = {isa = PBXFileReference; lastKnownFileType = sourcecode.swift; path = AppDelegate.swift; sourceTree = "<group>"; };
		C43F527F240D1897001293C9 /* SceneDelegate.swift */ = {isa = PBXFileReference; lastKnownFileType = sourcecode.swift; path = SceneDelegate.swift; sourceTree = "<group>"; };
		C43F5284240D1897001293C9 /* Base */ = {isa = PBXFileReference; lastKnownFileType = file.storyboard; name = Base; path = Base.lproj/Main.storyboard; sourceTree = "<group>"; };
		C43F5286240D189A001293C9 /* Assets.xcassets */ = {isa = PBXFileReference; lastKnownFileType = folder.assetcatalog; path = Assets.xcassets; sourceTree = "<group>"; };
		C43F5289240D189A001293C9 /* Base */ = {isa = PBXFileReference; lastKnownFileType = file.storyboard; name = Base; path = Base.lproj/LaunchScreen.storyboard; sourceTree = "<group>"; };
		C43F528B240D189A001293C9 /* Info.plist */ = {isa = PBXFileReference; lastKnownFileType = text.plist.xml; path = Info.plist; sourceTree = "<group>"; };
		C43F5291240D1C2C001293C9 /* recipetypes.xml */ = {isa = PBXFileReference; lastKnownFileType = text.xml; path = recipetypes.xml; sourceTree = "<group>"; };
		C43F5296240D23EA001293C9 /* ItemTableViewCell.swift */ = {isa = PBXFileReference; lastKnownFileType = sourcecode.swift; path = ItemTableViewCell.swift; sourceTree = "<group>"; };
		C43F5298240D2419001293C9 /* ItemTableViewCell.xib */ = {isa = PBXFileReference; lastKnownFileType = file.xib; path = ItemTableViewCell.xib; sourceTree = "<group>"; };
		C43F529A240D30D8001293C9 /* DetailViewController.swift */ = {isa = PBXFileReference; lastKnownFileType = sourcecode.swift; path = DetailViewController.swift; sourceTree = "<group>"; };
		C43F529C240D36F0001293C9 /* EditViewController.swift */ = {isa = PBXFileReference; lastKnownFileType = sourcecode.swift; path = EditViewController.swift; sourceTree = "<group>"; };
		C43F529E240D3ACE001293C9 /* ListItemsViewController.swift */ = {isa = PBXFileReference; lastKnownFileType = sourcecode.swift; path = ListItemsViewController.swift; sourceTree = "<group>"; };
		C43F52A0240D4347001293C9 /* AddItemViewController.swift */ = {isa = PBXFileReference; lastKnownFileType = sourcecode.swift; path = AddItemViewController.swift; sourceTree = "<group>"; };
		C43F52A2240D4591001293C9 /* RecipeType.swift */ = {isa = PBXFileReference; lastKnownFileType = sourcecode.swift; path = RecipeType.swift; sourceTree = "<group>"; };
/* End PBXFileReference section */

/* Begin PBXFrameworksBuildPhase section */
		C43F5277240D1897001293C9 /* Frameworks */ = {
			isa = PBXFrameworksBuildPhase;
			buildActionMask = 2147483647;
			files = (
			);
			runOnlyForDeploymentPostprocessing = 0;
		};
/* End PBXFrameworksBuildPhase section */

/* Begin PBXGroup section */
		C43F5271240D1897001293C9 = {
			isa = PBXGroup;
			children = (
				C43F527C240D1897001293C9 /* currie-recipe-app */,
				C43F527B240D1897001293C9 /* Products */,
			);
			sourceTree = "<group>";
		};
		C43F527B240D1897001293C9 /* Products */ = {
			isa = PBXGroup;
			children = (
				C43F527A240D1897001293C9 /* currie-recipe-app.app */,
			);
			name = Products;
			sourceTree = "<group>";
		};
		C43F527C240D1897001293C9 /* currie-recipe-app */ = {
			isa = PBXGroup;
			children = (
				C43F5295240D2223001293C9 /* Controller */,
				C43F5294240D221D001293C9 /* View */,
				C43F5293240D2215001293C9 /* Model */,
				C43F527D240D1897001293C9 /* AppDelegate.swift */,
				C43F527F240D1897001293C9 /* SceneDelegate.swift */,
				C43F5283240D1897001293C9 /* Main.storyboard */,
				C43F5286240D189A001293C9 /* Assets.xcassets */,
				C43F5288240D189A001293C9 /* LaunchScreen.storyboard */,
				C43F528B240D189A001293C9 /* Info.plist */,
				C43F5291240D1C2C001293C9 /* recipetypes.xml */,
			);
			path = "currie-recipe-app";
			sourceTree = "<group>";
		};
		C43F5293240D2215001293C9 /* Model */ = {
			isa = PBXGroup;
			children = (
				C43F52A2240D4591001293C9 /* RecipeType.swift */,
				C41DBE6C240D57C40064EAC0 /* Recipe.swift */,
			);
			path = Model;
			sourceTree = "<group>";
		};
		C43F5294240D221D001293C9 /* View */ = {
			isa = PBXGroup;
			children = (
				C43F5296240D23EA001293C9 /* ItemTableViewCell.swift */,
				C43F5298240D2419001293C9 /* ItemTableViewCell.xib */,
			);
			path = View;
			sourceTree = "<group>";
		};
		C43F5295240D2223001293C9 /* Controller */ = {
			isa = PBXGroup;
			children = (
				C43F529A240D30D8001293C9 /* DetailViewController.swift */,
				C43F529C240D36F0001293C9 /* EditViewController.swift */,
				C43F529E240D3ACE001293C9 /* ListItemsViewController.swift */,
				C43F52A0240D4347001293C9 /* AddItemViewController.swift */,
			);
			path = Controller;
			sourceTree = "<group>";
		};
/* End PBXGroup section */

/* Begin PBXNativeTarget section */
		C43F5279240D1897001293C9 /* currie-recipe-app */ = {
			isa = PBXNativeTarget;
			buildConfigurationList = C43F528E240D189A001293C9 /* Build configuration list for PBXNativeTarget "currie-recipe-app" */;
			buildPhases = (
				C43F5276240D1897001293C9 /* Sources */,
				C43F5277240D1897001293C9 /* Frameworks */,
				C43F5278240D1897001293C9 /* Resources */,
			);
			buildRules = (
			);
			dependencies = (
			);
			name = "currie-recipe-app";
			productName = "currie-recipe-app";
			productReference = C43F527A240D1897001293C9 /* currie-recipe-app.app */;
			productType = "com.apple.product-type.application";
		};
/* End PBXNativeTarget section */

/* Begin PBXProject section */
		C43F5272240D1897001293C9 /* Project object */ = {
			isa = PBXProject;
			attributes = {
				LastSwiftUpdateCheck = 1130;
				LastUpgradeCheck = 1130;
				ORGANIZATIONNAME = Currie;
				TargetAttributes = {
					C43F5279240D1897001293C9 = {
						CreatedOnToolsVersion = 11.3.1;
					};
				};
			};
			buildConfigurationList = C43F5275240D1897001293C9 /* Build configuration list for PBXProject "currie-recipe-app" */;
			compatibilityVersion = "Xcode 9.3";
			developmentRegion = en;
			hasScannedForEncodings = 0;
			knownRegions = (
				en,
				Base,
			);
			mainGroup = C43F5271240D1897001293C9;
			productRefGroup = C43F527B240D1897001293C9 /* Products */;
			projectDirPath = "";
			projectRoot = "";
			targets = (
				C43F5279240D1897001293C9 /* currie-recipe-app */,
			);
		};
/* End PBXProject section */

/* Begin PBXResourcesBuildPhase section */
		C43F5278240D1897001293C9 /* Resources */ = {
			isa = PBXResourcesBuildPhase;
			buildActionMask = 2147483647;
			files = (
				C43F528A240D189A001293C9 /* LaunchScreen.storyboard in Resources */,
				C43F5287240D189A001293C9 /* Assets.xcassets in Resources */,
				C43F5285240D1897001293C9 /* Main.storyboard in Resources */,
				C43F5299240D2419001293C9 /* ItemTableViewCell.xib in Resources */,
				C43F5292240D1C2C001293C9 /* recipetypes.xml in Resources */,
			);
			runOnlyForDeploymentPostprocessing = 0;
		};
/* End PBXResourcesBuildPhase section */

/* Begin PBXSourcesBuildPhase section */
		C43F5276240D1897001293C9 /* Sources */ = {
			isa = PBXSourcesBuildPhase;
			buildActionMask = 2147483647;
			files = (
				C43F5297240D23EA001293C9 /* ItemTableViewCell.swift in Sources */,
				C43F529D240D36F0001293C9 /* EditViewController.swift in Sources */,
				C43F529B240D30D8001293C9 /* DetailViewController.swift in Sources */,
				C43F529F240D3ACE001293C9 /* ListItemsViewController.swift in Sources */,
				C43F52A1240D4347001293C9 /* AddItemViewController.swift in Sources */,
				C43F52A3240D4591001293C9 /* RecipeType.swift in Sources */,
				C41DBE6D240D57C40064EAC0 /* Recipe.swift in Sources */,
				C43F527E240D1897001293C9 /* AppDelegate.swift in Sources */,
				C43F5280240D1897001293C9 /* SceneDelegate.swift in Sources */,
			);
			runOnlyForDeploymentPostprocessing = 0;
		};
/* End PBXSourcesBuildPhase section */

/* Begin PBXVariantGroup section */
		C43F5283240D1897001293C9 /* Main.storyboard */ = {
			isa = PBXVariantGroup;
			children = (
				C43F5284240D1897001293C9 /* Base */,
			);
			name = Main.storyboard;
			sourceTree = "<group>";
		};
		C43F5288240D189A001293C9 /* LaunchScreen.storyboard */ = {
			isa = PBXVariantGroup;
			children = (
				C43F5289240D189A001293C9 /* Base */,
			);
			name = LaunchScreen.storyboard;
			sourceTree = "<group>";
		};
/* End PBXVariantGroup section */

/* Begin XCBuildConfiguration section */
		C43F528C240D189A001293C9 /* Debug */ = {
			isa = XCBuildConfiguration;
			buildSettings = {
				ALWAYS_SEARCH_USER_PATHS = NO;
				CLANG_ANALYZER_NONNULL = YES;
				CLANG_ANALYZER_NUMBER_OBJECT_CONVERSION = YES_AGGRESSIVE;
				CLANG_CXX_LANGUAGE_STANDARD = "gnu++14";
				CLANG_CXX_LIBRARY = "libc++";
				CLANG_ENABLE_MODULES = YES;
				CLANG_ENABLE_OBJC_ARC = YES;
				CLANG_ENABLE_OBJC_WEAK = YES;
				CLANG_WARN_BLOCK_CAPTURE_AUTORELEASING = YES;
				CLANG_WARN_BOOL_CONVERSION = YES;
				CLANG_WARN_COMMA = YES;
				CLANG_WARN_CONSTANT_CONVERSION = YES;
				CLANG_WARN_DEPRECATED_OBJC_IMPLEMENTATIONS = YES;
				CLANG_WARN_DIRECT_OBJC_ISA_USAGE = YES_ERROR;
				CLANG_WARN_DOCUMENTATION_COMMENTS = YES;
				CLANG_WARN_EMPTY_BODY = YES;
				CLANG_WARN_ENUM_CONVERSION = YES;
				CLANG_WARN_INFINITE_RECURSION = YES;
				CLANG_WARN_INT_CONVERSION = YES;
				CLANG_WARN_NON_LITERAL_NULL_CONVERSION = YES;
				CLANG_WARN_OBJC_IMPLICIT_RETAIN_SELF = YES;
				CLANG_WARN_OBJC_LITERAL_CONVERSION = YES;
				CLANG_WARN_OBJC_ROOT_CLASS = YES_ERROR;
				CLANG_WARN_RANGE_LOOP_ANALYSIS = YES;
				CLANG_WARN_STRICT_PROTOTYPES = YES;
				CLANG_WARN_SUSPICIOUS_MOVE = YES;
				CLANG_WARN_UNGUARDED_AVAILABILITY = YES_AGGRESSIVE;
				CLANG_WARN_UNREACHABLE_CODE = YES;
				CLANG_WARN__DUPLICATE_METHOD_MATCH = YES;
				COPY_PHASE_STRIP = NO;
				DEBUG_INFORMATION_FORMAT = dwarf;
				ENABLE_STRICT_OBJC_MSGSEND = YES;
				ENABLE_TESTABILITY = YES;
				GCC_C_LANGUAGE_STANDARD = gnu11;
				GCC_DYNAMIC_NO_PIC = NO;
				GCC_NO_COMMON_BLOCKS = YES;
				GCC_OPTIMIZATION_LEVEL = 0;
				GCC_PREPROCESSOR_DEFINITIONS = (
					"DEBUG=1",
					"$(inherited)",
				);
				GCC_WARN_64_TO_32_BIT_CONVERSION = YES;
				GCC_WARN_ABOUT_RETURN_TYPE = YES_ERROR;
				GCC_WARN_UNDECLARED_SELECTOR = YES;
				GCC_WARN_UNINITIALIZED_AUTOS = YES_AGGRESSIVE;
				GCC_WARN_UNUSED_FUNCTION = YES;
				GCC_WARN_UNUSED_VARIABLE = YES;
				IPHONEOS_DEPLOYMENT_TARGET = 13.2;
				MTL_ENABLE_DEBUG_INFO = INCLUDE_SOURCE;
				MTL_FAST_MATH = YES;
				ONLY_ACTIVE_ARCH = YES;
				SDKROOT = iphoneos;
				SWIFT_ACTIVE_COMPILATION_CONDITIONS = DEBUG;
				SWIFT_OPTIMIZATION_LEVEL = "-Onone";
			};
			name = Debug;
		};
		C43F528D240D189A001293C9 /* Release */ = {
			isa = XCBuildConfiguration;
			buildSettings = {
				ALWAYS_SEARCH_USER_PATHS = NO;
				CLANG_ANALYZER_NONNULL = YES;
				CLANG_ANALYZER_NUMBER_OBJECT_CONVERSION = YES_AGGRESSIVE;
				CLANG_CXX_LANGUAGE_STANDARD = "gnu++14";
				CLANG_CXX_LIBRARY = "libc++";
				CLANG_ENABLE_MODULES = YES;
				CLANG_ENABLE_OBJC_ARC = YES;
				CLANG_ENABLE_OBJC_WEAK = YES;
				CLANG_WARN_BLOCK_CAPTURE_AUTORELEASING = YES;
				CLANG_WARN_BOOL_CONVERSION = YES;
				CLANG_WARN_COMMA = YES;
				CLANG_WARN_CONSTANT_CONVERSION = YES;
				CLANG_WARN_DEPRECATED_OBJC_IMPLEMENTATIONS = YES;
				CLANG_WARN_DIRECT_OBJC_ISA_USAGE = YES_ERROR;
				CLANG_WARN_DOCUMENTATION_COMMENTS = YES;
				CLANG_WARN_EMPTY_BODY = YES;
				CLANG_WARN_ENUM_CONVERSION = YES;
				CLANG_WARN_INFINITE_RECURSION = YES;
				CLANG_WARN_INT_CONVERSION = YES;
				CLANG_WARN_NON_LITERAL_NULL_CONVERSION = YES;
				CLANG_WARN_OBJC_IMPLICIT_RETAIN_SELF = YES;
				CLANG_WARN_OBJC_LITERAL_CONVERSION = YES;
				CLANG_WARN_OBJC_ROOT_CLASS = YES_ERROR;
				CLANG_WARN_RANGE_LOOP_ANALYSIS = YES;
				CLANG_WARN_STRICT_PROTOTYPES = YES;
				CLANG_WARN_SUSPICIOUS_MOVE = YES;
				CLANG_WARN_UNGUARDED_AVAILABILITY = YES_AGGRESSIVE;
				CLANG_WARN_UNREACHABLE_CODE = YES;
				CLANG_WARN__DUPLICATE_METHOD_MATCH = YES;
				COPY_PHASE_STRIP = NO;
				DEBUG_INFORMATION_FORMAT = "dwarf-with-dsym";
				ENABLE_NS_ASSERTIONS = NO;
				ENABLE_STRICT_OBJC_MSGSEND = YES;
				GCC_C_LANGUAGE_STANDARD = gnu11;
				GCC_NO_COMMON_BLOCKS = YES;
				GCC_WARN_64_TO_32_BIT_CONVERSION = YES;
				GCC_WARN_ABOUT_RETURN_TYPE = YES_ERROR;
				GCC_WARN_UNDECLARED_SELECTOR = YES;
				GCC_WARN_UNINITIALIZED_AUTOS = YES_AGGRESSIVE;
				GCC_WARN_UNUSED_FUNCTION = YES;
				GCC_WARN_UNUSED_VARIABLE = YES;
				IPHONEOS_DEPLOYMENT_TARGET = 13.2;
				MTL_ENABLE_DEBUG_INFO = NO;
				MTL_FAST_MATH = YES;
				SDKROOT = iphoneos;
				SWIFT_COMPILATION_MODE = wholemodule;
				SWIFT_OPTIMIZATION_LEVEL = "-O";
				VALIDATE_PRODUCT = YES;
			};
			name = Release;
		};
		C43F528F240D189A001293C9 /* Debug */ = {
			isa = XCBuildConfiguration;
			buildSettings = {
				ASSETCATALOG_COMPILER_APPICON_NAME = AppIcon;
				CODE_SIGN_STYLE = Automatic;
				INFOPLIST_FILE = "currie-recipe-app/Info.plist";
				LD_RUNPATH_SEARCH_PATHS = (
					"$(inherited)",
					"@executable_path/Frameworks",
				);
				PRODUCT_BUNDLE_IDENTIFIER = "com.currie.currie-recipe-app";
				PRODUCT_NAME = "$(TARGET_NAME)";
				SWIFT_VERSION = 5.0;
				TARGETED_DEVICE_FAMILY = "1,2";
			};
			name = Debug;
		};
		C43F5290240D189A001293C9 /* Release */ = {
			isa = XCBuildConfiguration;
			buildSettings = {
				ASSETCATALOG_COMPILER_APPICON_NAME = AppIcon;
				CODE_SIGN_STYLE = Automatic;
				INFOPLIST_FILE = "currie-recipe-app/Info.plist";
				LD_RUNPATH_SEARCH_PATHS = (
					"$(inherited)",
					"@executable_path/Frameworks",
				);
				PRODUCT_BUNDLE_IDENTIFIER = "com.currie.currie-recipe-app";
				PRODUCT_NAME = "$(TARGET_NAME)";
				SWIFT_VERSION = 5.0;
				TARGETED_DEVICE_FAMILY = "1,2";
			};
			name = Release;
		};
/* End XCBuildConfiguration section */

/* Begin XCConfigurationList section */
		C43F5275240D1897001293C9 /* Build configuration list for PBXProject "currie-recipe-app" */ = {
			isa = XCConfigurationList;
			buildConfigurations = (
				C43F528C240D189A001293C9 /* Debug */,
				C43F528D240D189A001293C9 /* Release */,
			);
			defaultConfigurationIsVisible = 0;
			defaultConfigurationName = Release;
		};
		C43F528E240D189A001293C9 /* Build configuration list for PBXNativeTarget "currie-recipe-app" */ = {
			isa = XCConfigurationList;
			buildConfigurations = (
				C43F528F240D189A001293C9 /* Debug */,
				C43F5290240D189A001293C9 /* Release */,
			);
			defaultConfigurationIsVisible = 0;
			defaultConfigurationName = Release;
		};
/* End XCConfigurationList section */
	};
	rootObject = C43F5272240D1897001293C9 /* Project object */;
}
